
Microsoft Visual Studio Solution File, Format Version 12.00
# Visual Studio Version 17
VisualStudioVersion = 17.8.34309.116
MinimumVisualStudioVersion = 10.0.40219.1
Project("{9A19103F-16F7-4668-BE54-9A1E7A4F7556}") = "ComputerShop", "Task_1\ComputerShop.csproj", "{27FBBBF9-BAEF-4638-B585-65F3D670376E}"
EndProject
Project("{FAE04EC0-301F-11D3-BF4B-00C04F79EFBC}") = "Task_2", "Task_2\Task_2.csproj", "{3B609B87-E0CC-419B-9FC8-7F9E34EE88A3}"
EndProject
Project("{FAE04EC0-301F-11D3-BF4B-00C04F79EFBC}") = "Task_3", "Task_3\Task_3.csproj", "{A446B957-8A33-4FC1-ADB9-769E54D605FF}"
EndProject
Global
	GlobalSection(SolutionConfigurationPlatforms) = preSolution
		Debug|Any CPU = Debug|Any CPU
		Release|Any CPU = Release|Any CPU
	EndGlobalSection
	GlobalSection(ProjectConfigurationPlatforms) = postSolution
		{27FBBBF9-BAEF-4638-B585-65F3D670376E}.Debug|Any CPU.ActiveCfg = Debug|Any CPU
		{27FBBBF9-BAEF-4638-B585-65F3D670376E}.Debug|Any CPU.Build.0 = Debug|Any CPU
		{27FBBBF9-BAEF-4638-B585-65F3D670376E}.Release|Any CPU.ActiveCfg = Release|Any CPU
		{27FBBBF9-BAEF-4638-B585-65F3D670376E}.Release|Any CPU.Build.0 = Release|Any CPU
		{3B609B87-E0CC-419B-9FC8-7F9E34EE88A3}.Debug|Any CPU.ActiveCfg = Debug|Any CPU
		{3B609B87-E0CC-419B-9FC8-7F9E34EE88A3}.Debug|Any CPU.Build.0 = Debug|Any CPU
		{3B609B87-E0CC-419B-9FC8-7F9E34EE88A3}.Release|Any CPU.ActiveCfg = Release|Any CPU
		{3B609B87-E0CC-419B-9FC8-7F9E34EE88A3}.Release|Any CPU.Build.0 = Release|Any CPU
		{A446B957-8A33-4FC1-ADB9-769E54D605FF}.Debug|Any CPU.ActiveCfg = Debug|Any CPU
		{A446B957-8A33-4FC1-ADB9-769E54D605FF}.Debug|Any CPU.Build.0 = Debug|Any CPU
		{A446B957-8A33-4FC1-ADB9-769E54D605FF}.Release|Any CPU.ActiveCfg = Release|Any CPU
		{A446B957-8A33-4FC1-ADB9-769E54D605FF}.Release|Any CPU.Build.0 = Release|Any CPU
	EndGlobalSection
	GlobalSection(SolutionProperties) = preSolution
		HideSolutionNode = FALSE
	EndGlobalSection
	GlobalSection(ExtensibilityGlobals) = postSolution
		SolutionGuid = {0C94E2B7-769F-4F21-9EEC-1B6CFA5369C3}
	EndGlobalSection
EndGlobal
